
Microsoft Visual Studio Solution File, Format Version 12.00
# Visual Studio Version 17
VisualStudioVersion = 17.2.32314.265
MinimumVisualStudioVersion = 10.0.40219.1
Project("{9A19103F-16F7-4668-BE54-9A1E7A4F7556}") = "EfCoreTutorial", "EfCoreTutorial\EfCoreTutorial.csproj", "{CEA53742-6F2B-4AF3-820A-2EE1C037FFF5}"
EndProject
Project("{9A19103F-16F7-4668-BE54-9A1E7A4F7556}") = "EfCoreTutorial.DBFirst", "EfCoreTutorial.DBFirst\EfCoreTutorial.DBFirst.csproj", "{0A6B0D71-3E84-4976-A7CB-82374884DE7C}"
EndProject
Project("{9A19103F-16F7-4668-BE54-9A1E7A4F7556}") = "EfCoreTutorial.DBFirst.ByScaffolding", "EfCoreTutorial.DBFirst.ByScaffolding\EfCoreTutorial.DBFirst.ByScaffolding.csproj", "{F3E79176-7F9C-41F4-B51D-B15D24895FE7}"
EndProject
Project("{9A19103F-16F7-4668-BE54-9A1E7A4F7556}") = "EfCoreTutorial.CodeFirst", "EfCoreTutorial.CodeFirst\EfCoreTutorial.CodeFirst.csproj", "{9F8C698B-D09C-415C-B8C9-6CD2ECC0F3F0}"
EndProject
Project("{9A19103F-16F7-4668-BE54-9A1E7A4F7556}") = "EfCoreTutorial.CodeFirst.ConfigurationFirstSection", "EfCoreTutorial.CodeFirst.ConfigurationFirstSection\EfCoreTutorial.CodeFirst.ConfigurationFirstSection.csproj", "{E1E8AE20-BCDF-4F47-889C-D109DBEE924B}"
EndProject
Project("{9A19103F-16F7-4668-BE54-9A1E7A4F7556}") = "OnetoManyRelationShip", "OnetoManyRelationShip\OnetoManyRelationShip.csproj", "{676BDC63-2718-4DC9-9527-6280A1D13156}"
EndProject
Project("{9A19103F-16F7-4668-BE54-9A1E7A4F7556}") = "OnetoOneRelationShipClassicWithFluentAPI", "OnetoOneRelationShip1\OnetoOneRelationShipClassicWithFluentAPI.csproj", "{33F1DA30-176D-4022-8D29-992C451BFBEC}"
EndProject
Project("{9A19103F-16F7-4668-BE54-9A1E7A4F7556}") = "OnetoOneRelationShipBestPracticeWithFluentAPI", "OnetoOneRelationShip2\OnetoOneRelationShipBestPracticeWithFluentAPI.csproj", "{C6528C07-81D1-4841-BAA6-1D2AFEB551BA}"
EndProject
Project("{9A19103F-16F7-4668-BE54-9A1E7A4F7556}") = "ManytoManyRelationShip", "ManytoManyRelationShip\ManytoManyRelationShip.csproj", "{C97DDF7D-380D-4E53-9D0F-766F4F0AE36E}"
EndProject
Project("{9A19103F-16F7-4668-BE54-9A1E7A4F7556}") = "OnetoOneRelationShipBestPracticeWithDataAnnotation", "OnetoOneRelationShipBestPracticeWithDataAnnotation\OnetoOneRelationShipBestPracticeWithDataAnnotation.csproj", "{6E63B1C6-5041-47E2-91C9-07946BC6CD00}"
EndProject
Project("{9A19103F-16F7-4668-BE54-9A1E7A4F7556}") = "ManytoManyRelationShipWithFluentAPI", "ManytoManyRelationShipWithFluentAPI\ManytoManyRelationShipWithFluentAPI.csproj", "{C97566C9-6CB8-4266-ACDD-745EBE7EF42A}"
EndProject
Project("{9A19103F-16F7-4668-BE54-9A1E7A4F7556}") = "OnetoManyDataInsert", "OnetoManyDataInsert\OnetoManyDataInsert.csproj", "{C413B2F8-375C-45C9-95E3-113F66D65CE9}"
EndProject
Project("{9A19103F-16F7-4668-BE54-9A1E7A4F7556}") = "OnetoOneDataInsert", "OnetoOneDataInsert\OnetoOneDataInsert.csproj", "{5C609E47-8A3F-4711-ADC2-D1060615C14E}"
EndProject
Project("{9A19103F-16F7-4668-BE54-9A1E7A4F7556}") = "ManytoManyDataInsert", "ManytoManyDataInsert\ManytoManyDataInsert.csproj", "{12F080D5-2402-4327-8E7A-B73CC222CC73}"
EndProject
Project("{FAE04EC0-301F-11D3-BF4B-00C04F79EFBC}") = "EagerLoading", "EagerLoading\EagerLoading.csproj", "{2C361D43-BDD3-482D-A581-F5F138C1AA18}"
EndProject
Project("{FAE04EC0-301F-11D3-BF4B-00C04F79EFBC}") = "ExplicitLoading", "ExplicitLoading\ExplicitLoading.csproj", "{76298025-D2E4-4071-894B-FB9DC1BE6941}"
EndProject
Project("{FAE04EC0-301F-11D3-BF4B-00C04F79EFBC}") = "LazyLoading", "LazyLoading\LazyLoading.csproj", "{34010410-4883-469C-A0D9-0C685214C3E9}"
EndProject
Project("{FAE04EC0-301F-11D3-BF4B-00C04F79EFBC}") = "Inheritance.TablePerHierarchy", "Inheritance.TablePerHierarchy\Inheritance.TablePerHierarchy.csproj", "{30034FF0-F4BF-4267-B82A-1BD0EE48D9B0}"
EndProject
Project("{FAE04EC0-301F-11D3-BF4B-00C04F79EFBC}") = "Inheritance.TablePerType", "Inheritance.TablePerType\Inheritance.TablePerType.csproj", "{1B8845C9-58AA-4D13-B09C-A396A8403203}"
EndProject
Project("{FAE04EC0-301F-11D3-BF4B-00C04F79EFBC}") = "Inheritance.TablePerHierarchy.II", "Inheritance.TablePerHierarchy.II\Inheritance.TablePerHierarchy.II.csproj", "{3EB54829-A13E-4C1A-A4CC-B8F1B06FD636}"
EndProject
Project("{FAE04EC0-301F-11D3-BF4B-00C04F79EFBC}") = "OwnedEntityTypes", "OwnedEntityTypes\OwnedEntityTypes.csproj", "{4AC552F0-E685-4338-B88A-D1D268363882}"
EndProject
Project("{FAE04EC0-301F-11D3-BF4B-00C04F79EFBC}") = "OwnedEntityTypesWithFluentAPI", "OwnedEntityTypesWithFluentAPI\OwnedEntityTypesWithFluentAPI.csproj", "{8D04AE71-A9F5-4166-B5B5-033499A2D7A1}"
EndProject
Project("{FAE04EC0-301F-11D3-BF4B-00C04F79EFBC}") = "KeylessEntityTypes", "KeylessEntityTypes\KeylessEntityTypes.csproj", "{F1EFB26B-9F6D-445A-AADE-FA8C47236BCF}"
EndProject
Project("{FAE04EC0-301F-11D3-BF4B-00C04F79EFBC}") = "KeylessEntityTypesII", "KeylessEntityTypeII\KeylessEntityTypesII.csproj", "{6FC91787-E993-4F7A-8EF9-9FB8D97FF692}"
EndProject
Project("{FAE04EC0-301F-11D3-BF4B-00C04F79EFBC}") = "EntityProperties", "EntityProperties\EntityProperties.csproj", "{2B687946-9A6D-4BC4-99BC-F34E8C72BED1}"
EndProject
Project("{FAE04EC0-301F-11D3-BF4B-00C04F79EFBC}") = "Indexes", "Indexes\Indexes.csproj", "{2266C993-118B-42CD-BC4C-0F0CB4C90489}"
EndProject
Global
	GlobalSection(SolutionConfigurationPlatforms) = preSolution
		Debug|Any CPU = Debug|Any CPU
		Release|Any CPU = Release|Any CPU
	EndGlobalSection
	GlobalSection(ProjectConfigurationPlatforms) = postSolution
		{CEA53742-6F2B-4AF3-820A-2EE1C037FFF5}.Debug|Any CPU.ActiveCfg = Debug|Any CPU
		{CEA53742-6F2B-4AF3-820A-2EE1C037FFF5}.Debug|Any CPU.Build.0 = Debug|Any CPU
		{CEA53742-6F2B-4AF3-820A-2EE1C037FFF5}.Release|Any CPU.ActiveCfg = Release|Any CPU
		{CEA53742-6F2B-4AF3-820A-2EE1C037FFF5}.Release|Any CPU.Build.0 = Release|Any CPU
		{0A6B0D71-3E84-4976-A7CB-82374884DE7C}.Debug|Any CPU.ActiveCfg = Debug|Any CPU
		{0A6B0D71-3E84-4976-A7CB-82374884DE7C}.Debug|Any CPU.Build.0 = Debug|Any CPU
		{0A6B0D71-3E84-4976-A7CB-82374884DE7C}.Release|Any CPU.ActiveCfg = Release|Any CPU
		{0A6B0D71-3E84-4976-A7CB-82374884DE7C}.Release|Any CPU.Build.0 = Release|Any CPU
		{F3E79176-7F9C-41F4-B51D-B15D24895FE7}.Debug|Any CPU.ActiveCfg = Debug|Any CPU
		{F3E79176-7F9C-41F4-B51D-B15D24895FE7}.Debug|Any CPU.Build.0 = Debug|Any CPU
		{F3E79176-7F9C-41F4-B51D-B15D24895FE7}.Release|Any CPU.ActiveCfg = Release|Any CPU
		{F3E79176-7F9C-41F4-B51D-B15D24895FE7}.Release|Any CPU.Build.0 = Release|Any CPU
		{9F8C698B-D09C-415C-B8C9-6CD2ECC0F3F0}.Debug|Any CPU.ActiveCfg = Debug|Any CPU
		{9F8C698B-D09C-415C-B8C9-6CD2ECC0F3F0}.Debug|Any CPU.Build.0 = Debug|Any CPU
		{9F8C698B-D09C-415C-B8C9-6CD2ECC0F3F0}.Release|Any CPU.ActiveCfg = Release|Any CPU
		{9F8C698B-D09C-415C-B8C9-6CD2ECC0F3F0}.Release|Any CPU.Build.0 = Release|Any CPU
		{E1E8AE20-BCDF-4F47-889C-D109DBEE924B}.Debug|Any CPU.ActiveCfg = Debug|Any CPU
		{E1E8AE20-BCDF-4F47-889C-D109DBEE924B}.Debug|Any CPU.Build.0 = Debug|Any CPU
		{E1E8AE20-BCDF-4F47-889C-D109DBEE924B}.Release|Any CPU.ActiveCfg = Release|Any CPU
		{E1E8AE20-BCDF-4F47-889C-D109DBEE924B}.Release|Any CPU.Build.0 = Release|Any CPU
		{676BDC63-2718-4DC9-9527-6280A1D13156}.Debug|Any CPU.ActiveCfg = Debug|Any CPU
		{676BDC63-2718-4DC9-9527-6280A1D13156}.Debug|Any CPU.Build.0 = Debug|Any CPU
		{676BDC63-2718-4DC9-9527-6280A1D13156}.Release|Any CPU.ActiveCfg = Release|Any CPU
		{676BDC63-2718-4DC9-9527-6280A1D13156}.Release|Any CPU.Build.0 = Release|Any CPU
		{33F1DA30-176D-4022-8D29-992C451BFBEC}.Debug|Any CPU.ActiveCfg = Debug|Any CPU
		{33F1DA30-176D-4022-8D29-992C451BFBEC}.Debug|Any CPU.Build.0 = Debug|Any CPU
		{33F1DA30-176D-4022-8D29-992C451BFBEC}.Release|Any CPU.ActiveCfg = Release|Any CPU
		{33F1DA30-176D-4022-8D29-992C451BFBEC}.Release|Any CPU.Build.0 = Release|Any CPU
		{C6528C07-81D1-4841-BAA6-1D2AFEB551BA}.Debug|Any CPU.ActiveCfg = Debug|Any CPU
		{C6528C07-81D1-4841-BAA6-1D2AFEB551BA}.Debug|Any CPU.Build.0 = Debug|Any CPU
		{C6528C07-81D1-4841-BAA6-1D2AFEB551BA}.Release|Any CPU.ActiveCfg = Release|Any CPU
		{C6528C07-81D1-4841-BAA6-1D2AFEB551BA}.Release|Any CPU.Build.0 = Release|Any CPU
		{C97DDF7D-380D-4E53-9D0F-766F4F0AE36E}.Debug|Any CPU.ActiveCfg = Debug|Any CPU
		{C97DDF7D-380D-4E53-9D0F-766F4F0AE36E}.Debug|Any CPU.Build.0 = Debug|Any CPU
		{C97DDF7D-380D-4E53-9D0F-766F4F0AE36E}.Release|Any CPU.ActiveCfg = Release|Any CPU
		{C97DDF7D-380D-4E53-9D0F-766F4F0AE36E}.Release|Any CPU.Build.0 = Release|Any CPU
		{6E63B1C6-5041-47E2-91C9-07946BC6CD00}.Debug|Any CPU.ActiveCfg = Debug|Any CPU
		{6E63B1C6-5041-47E2-91C9-07946BC6CD00}.Debug|Any CPU.Build.0 = Debug|Any CPU
		{6E63B1C6-5041-47E2-91C9-07946BC6CD00}.Release|Any CPU.ActiveCfg = Release|Any CPU
		{6E63B1C6-5041-47E2-91C9-07946BC6CD00}.Release|Any CPU.Build.0 = Release|Any CPU
		{C97566C9-6CB8-4266-ACDD-745EBE7EF42A}.Debug|Any CPU.ActiveCfg = Debug|Any CPU
		{C97566C9-6CB8-4266-ACDD-745EBE7EF42A}.Debug|Any CPU.Build.0 = Debug|Any CPU
		{C97566C9-6CB8-4266-ACDD-745EBE7EF42A}.Release|Any CPU.ActiveCfg = Release|Any CPU
		{C97566C9-6CB8-4266-ACDD-745EBE7EF42A}.Release|Any CPU.Build.0 = Release|Any CPU
		{C413B2F8-375C-45C9-95E3-113F66D65CE9}.Debug|Any CPU.ActiveCfg = Debug|Any CPU
		{C413B2F8-375C-45C9-95E3-113F66D65CE9}.Debug|Any CPU.Build.0 = Debug|Any CPU
		{C413B2F8-375C-45C9-95E3-113F66D65CE9}.Release|Any CPU.ActiveCfg = Release|Any CPU
		{C413B2F8-375C-45C9-95E3-113F66D65CE9}.Release|Any CPU.Build.0 = Release|Any CPU
		{5C609E47-8A3F-4711-ADC2-D1060615C14E}.Debug|Any CPU.ActiveCfg = Debug|Any CPU
		{5C609E47-8A3F-4711-ADC2-D1060615C14E}.Debug|Any CPU.Build.0 = Debug|Any CPU
		{5C609E47-8A3F-4711-ADC2-D1060615C14E}.Release|Any CPU.ActiveCfg = Release|Any CPU
		{5C609E47-8A3F-4711-ADC2-D1060615C14E}.Release|Any CPU.Build.0 = Release|Any CPU
		{12F080D5-2402-4327-8E7A-B73CC222CC73}.Debug|Any CPU.ActiveCfg = Debug|Any CPU
		{12F080D5-2402-4327-8E7A-B73CC222CC73}.Debug|Any CPU.Build.0 = Debug|Any CPU
		{12F080D5-2402-4327-8E7A-B73CC222CC73}.Release|Any CPU.ActiveCfg = Release|Any CPU
		{12F080D5-2402-4327-8E7A-B73CC222CC73}.Release|Any CPU.Build.0 = Release|Any CPU
		{2C361D43-BDD3-482D-A581-F5F138C1AA18}.Debug|Any CPU.ActiveCfg = Debug|Any CPU
		{2C361D43-BDD3-482D-A581-F5F138C1AA18}.Debug|Any CPU.Build.0 = Debug|Any CPU
		{2C361D43-BDD3-482D-A581-F5F138C1AA18}.Release|Any CPU.ActiveCfg = Release|Any CPU
		{2C361D43-BDD3-482D-A581-F5F138C1AA18}.Release|Any CPU.Build.0 = Release|Any CPU
		{76298025-D2E4-4071-894B-FB9DC1BE6941}.Debug|Any CPU.ActiveCfg = Debug|Any CPU
		{76298025-D2E4-4071-894B-FB9DC1BE6941}.Debug|Any CPU.Build.0 = Debug|Any CPU
		{76298025-D2E4-4071-894B-FB9DC1BE6941}.Release|Any CPU.ActiveCfg = Release|Any CPU
		{76298025-D2E4-4071-894B-FB9DC1BE6941}.Release|Any CPU.Build.0 = Release|Any CPU
		{34010410-4883-469C-A0D9-0C685214C3E9}.Debug|Any CPU.ActiveCfg = Debug|Any CPU
		{34010410-4883-469C-A0D9-0C685214C3E9}.Debug|Any CPU.Build.0 = Debug|Any CPU
		{34010410-4883-469C-A0D9-0C685214C3E9}.Release|Any CPU.ActiveCfg = Release|Any CPU
		{34010410-4883-469C-A0D9-0C685214C3E9}.Release|Any CPU.Build.0 = Release|Any CPU
		{30034FF0-F4BF-4267-B82A-1BD0EE48D9B0}.Debug|Any CPU.ActiveCfg = Debug|Any CPU
		{30034FF0-F4BF-4267-B82A-1BD0EE48D9B0}.Debug|Any CPU.Build.0 = Debug|Any CPU
		{30034FF0-F4BF-4267-B82A-1BD0EE48D9B0}.Release|Any CPU.ActiveCfg = Release|Any CPU
		{30034FF0-F4BF-4267-B82A-1BD0EE48D9B0}.Release|Any CPU.Build.0 = Release|Any CPU
		{1B8845C9-58AA-4D13-B09C-A396A8403203}.Debug|Any CPU.ActiveCfg = Debug|Any CPU
		{1B8845C9-58AA-4D13-B09C-A396A8403203}.Debug|Any CPU.Build.0 = Debug|Any CPU
		{1B8845C9-58AA-4D13-B09C-A396A8403203}.Release|Any CPU.ActiveCfg = Release|Any CPU
		{1B8845C9-58AA-4D13-B09C-A396A8403203}.Release|Any CPU.Build.0 = Release|Any CPU
		{3EB54829-A13E-4C1A-A4CC-B8F1B06FD636}.Debug|Any CPU.ActiveCfg = Debug|Any CPU
		{3EB54829-A13E-4C1A-A4CC-B8F1B06FD636}.Debug|Any CPU.Build.0 = Debug|Any CPU
		{3EB54829-A13E-4C1A-A4CC-B8F1B06FD636}.Release|Any CPU.ActiveCfg = Release|Any CPU
		{3EB54829-A13E-4C1A-A4CC-B8F1B06FD636}.Release|Any CPU.Build.0 = Release|Any CPU
		{4AC552F0-E685-4338-B88A-D1D268363882}.Debug|Any CPU.ActiveCfg = Debug|Any CPU
		{4AC552F0-E685-4338-B88A-D1D268363882}.Debug|Any CPU.Build.0 = Debug|Any CPU
		{4AC552F0-E685-4338-B88A-D1D268363882}.Release|Any CPU.ActiveCfg = Release|Any CPU
		{4AC552F0-E685-4338-B88A-D1D268363882}.Release|Any CPU.Build.0 = Release|Any CPU
		{8D04AE71-A9F5-4166-B5B5-033499A2D7A1}.Debug|Any CPU.ActiveCfg = Debug|Any CPU
		{8D04AE71-A9F5-4166-B5B5-033499A2D7A1}.Debug|Any CPU.Build.0 = Debug|Any CPU
		{8D04AE71-A9F5-4166-B5B5-033499A2D7A1}.Release|Any CPU.ActiveCfg = Release|Any CPU
		{8D04AE71-A9F5-4166-B5B5-033499A2D7A1}.Release|Any CPU.Build.0 = Release|Any CPU
		{F1EFB26B-9F6D-445A-AADE-FA8C47236BCF}.Debug|Any CPU.ActiveCfg = Debug|Any CPU
		{F1EFB26B-9F6D-445A-AADE-FA8C47236BCF}.Debug|Any CPU.Build.0 = Debug|Any CPU
		{F1EFB26B-9F6D-445A-AADE-FA8C47236BCF}.Release|Any CPU.ActiveCfg = Release|Any CPU
		{F1EFB26B-9F6D-445A-AADE-FA8C47236BCF}.Release|Any CPU.Build.0 = Release|Any CPU
		{6FC91787-E993-4F7A-8EF9-9FB8D97FF692}.Debug|Any CPU.ActiveCfg = Debug|Any CPU
		{6FC91787-E993-4F7A-8EF9-9FB8D97FF692}.Debug|Any CPU.Build.0 = Debug|Any CPU
		{6FC91787-E993-4F7A-8EF9-9FB8D97FF692}.Release|Any CPU.ActiveCfg = Release|Any CPU
		{6FC91787-E993-4F7A-8EF9-9FB8D97FF692}.Release|Any CPU.Build.0 = Release|Any CPU
		{2B687946-9A6D-4BC4-99BC-F34E8C72BED1}.Debug|Any CPU.ActiveCfg = Debug|Any CPU
		{2B687946-9A6D-4BC4-99BC-F34E8C72BED1}.Debug|Any CPU.Build.0 = Debug|Any CPU
		{2B687946-9A6D-4BC4-99BC-F34E8C72BED1}.Release|Any CPU.ActiveCfg = Release|Any CPU
		{2B687946-9A6D-4BC4-99BC-F34E8C72BED1}.Release|Any CPU.Build.0 = Release|Any CPU
		{2266C993-118B-42CD-BC4C-0F0CB4C90489}.Debug|Any CPU.ActiveCfg = Debug|Any CPU
		{2266C993-118B-42CD-BC4C-0F0CB4C90489}.Debug|Any CPU.Build.0 = Debug|Any CPU
		{2266C993-118B-42CD-BC4C-0F0CB4C90489}.Release|Any CPU.ActiveCfg = Release|Any CPU
		{2266C993-118B-42CD-BC4C-0F0CB4C90489}.Release|Any CPU.Build.0 = Release|Any CPU
	EndGlobalSection
	GlobalSection(SolutionProperties) = preSolution
		HideSolutionNode = FALSE
	EndGlobalSection
	GlobalSection(ExtensibilityGlobals) = postSolution
		SolutionGuid = {E030DB8E-7499-437D-92DB-0E6008B373D4}
	EndGlobalSection
EndGlobal
